{
    "name": "ToolBox",
    "version": "0.0.1",
    "lockfileVersion": 1,
    "requires": true,
    "dependencies": {
        "@types/geojson": {
            "version": "1.0.6",
            "resolved": "https://registry.npmjs.org/@types/geojson/-/geojson-1.0.6.tgz",
            "integrity": "sha512-Xqg/lIZMrUd0VRmSRbCAewtwGZiAk3mEUDvV4op1tGl+LvyPcb/MIOSxTl9z+9+J+R4/vpjiCAT4xeKzH9ji1w=="
        },
        "accepts": {
            "version": "1.3.7",
            "resolved": "https://registry.npmjs.org/accepts/-/accepts-1.3.7.tgz",
            "integrity": "sha512-Il80Qs2WjYlJIBNzNkK6KYqlVMTbZLXgHx2oT0pU/fjRHyEp+PEfEPY0R3WCwAGVOtauxh1hOxNgIf5bv7dQpA==",
            "requires": {
                "mime-types": "~2.1.24",
                "negotiator": "0.6.2"
            }
        },
        "any-promise": {
            "version": "1.3.0",
            "resolved": "https://registry.npmjs.org/any-promise/-/any-promise-1.3.0.tgz",
            "integrity": "sha1-q8av7tzqUugJzcA3au0845Y10X8="
        },
        "bignumber.js": {
            "version": "4.0.2",
            "resolved": "https://registry.npmjs.org/bignumber.js/-/bignumber.js-4.0.2.tgz",
            "integrity": "sha1-LR3DfuWWiGfs6pC22k0W5oYI0h0="
        },
        "bluebird": {
            "version": "3.7.2",
            "resolved": "https://registry.npmjs.org/bluebird/-/bluebird-3.7.2.tgz",
            "integrity": "sha512-XpNj6GDQzdfW+r2Wnn7xiSAd7TM3jzkxGXBGTtWKuSXv1xUV+azxAm8jdWZN06QTQk+2N2XB9jRDkvbmQmcRtg=="
        },
        "bytes": {
            "version": "3.1.0",
            "resolved": "https://registry.npmjs.org/bytes/-/bytes-3.1.0.tgz",
            "integrity": "sha512-zauLjrfCG+xvoyaqLoV8bLVXXNGC4JqlxFCutSDWA6fJrTo2ZuvLYTqZ7aHBLZSMOopbzwv8f+wZcVzfVTI2Dg=="
        },
        "cache-content-type": {
            "version": "1.0.1",
            "resolved": "https://registry.npmjs.org/cache-content-type/-/cache-content-type-1.0.1.tgz",
            "integrity": "sha512-IKufZ1o4Ut42YUrZSo8+qnMTrFuKkvyoLXUywKz9GJ5BrhOFGhLdkx9sG4KAnVvbY6kEcSFjLQul+DVmBm2bgA==",
            "requires": {
                "mime-types": "^2.1.18",
                "ylru": "^1.2.0"
            }
        },
        "co": {
            "version": "4.6.0",
            "resolved": "https://registry.npmjs.org/co/-/co-4.6.0.tgz",
            "integrity": "sha1-bqa989hTrlTMuOR7+gvz+QMfsYQ="
        },
        "co-body": {
            "version": "6.0.0",
            "resolved": "https://registry.npmjs.org/co-body/-/co-body-6.0.0.tgz",
            "integrity": "sha512-9ZIcixguuuKIptnY8yemEOuhb71L/lLf+Rl5JfJEUiDNJk0e02MBt7BPxR2GEh5mw8dPthQYR4jPI/BnS1MQgw==",
            "requires": {
                "inflation": "^2.0.0",
                "qs": "^6.5.2",
                "raw-body": "^2.3.3",
                "type-is": "^1.6.16"
            }
        },
        "content-disposition": {
            "version": "0.5.3",
            "resolved": "https://registry.npmjs.org/content-disposition/-/content-disposition-0.5.3.tgz",
            "integrity": "sha512-ExO0774ikEObIAEV9kDo50o+79VCUdEB6n6lzKgGwupcVeRlhrj3qGAfwq8G6uBJjkqLrhT0qEYFcWng8z1z0g==",
            "requires": {
                "safe-buffer": "5.1.2"
            },
            "dependencies": {
                "safe-buffer": {
                    "version": "5.1.2",
                    "resolved": "https://registry.npmjs.org/safe-buffer/-/safe-buffer-5.1.2.tgz",
                    "integrity": "sha512-Gd2UZBJDkXlY7GbJxfsE8/nvKkUEU1G38c1siN6QP6a9PT9MmHB8GnpscSmMJSoF8LOIrt8ud/wPtojys4G6+g=="
                }
            }
        },
        "content-type": {
            "version": "1.0.4",
            "resolved": "https://registry.npmjs.org/content-type/-/content-type-1.0.4.tgz",
            "integrity": "sha512-hIP3EEPs8tB9AT1L+NUqtwOAps4mk2Zob89MWXMHjHWg9milF/j4osnnQLXBCBFBk/tvIG/tUc9mOUJiPBhPXA=="
        },
        "cookies": {
            "version": "0.8.0",
            "resolved": "https://registry.npmjs.org/cookies/-/cookies-0.8.0.tgz",
            "integrity": "sha512-8aPsApQfebXnuI+537McwYsDtjVxGm8gTIzQI3FDW6t5t/DAhERxtnbEPN/8RX+uZthoz4eCOgloXaE5cYyNow==",
            "requires": {
                "depd": "~2.0.0",
                "keygrip": "~1.1.0"
            },
            "dependencies": {
                "depd": {
                    "version": "2.0.0",
                    "resolved": "https://registry.npmjs.org/depd/-/depd-2.0.0.tgz",
                    "integrity": "sha512-g7nH6P6dyDioJogAAGprGpCtVImJhpPk/roCzdb3fIh61/s/nPsfR6onyMwkCAR/OlC3yBC0lESvUoQEAssIrw=="
                }
            }
        },
        "copy-to": {
            "version": "2.0.1",
            "resolved": "https://registry.npmjs.org/copy-to/-/copy-to-2.0.1.tgz",
            "integrity": "sha1-JoD7uAaKSNCGVrYJgJK9r8kG9KU="
        },
        "core-util-is": {
            "version": "1.0.2",
            "resolved": "https://registry.npmjs.org/core-util-is/-/core-util-is-1.0.2.tgz",
            "integrity": "sha1-tf1UIgqivFq1eqtxQMlAdUUDwac="
        },
        "debug": {
            "version": "2.6.9",
            "resolved": "https://registry.npmjs.org/debug/-/debug-2.6.9.tgz",
            "integrity": "sha512-bC7ElrdJaJnPbAP+1EotYvqZsb3ecl5wi6Bfi6BJTUcNowp6cvspg0jXznRTKDjm/E7AdgFBVeAPVMNcKGsHMA==",
            "requires": {
                "ms": "2.0.0"
            }
        },
        "deep-equal": {
            "version": "1.0.1",
            "resolved": "https://registry.npmjs.org/deep-equal/-/deep-equal-1.0.1.tgz",
            "integrity": "sha1-9dJgKStmDghO/0zbyfCK0yR0SLU="
        },
        "delegates": {
            "version": "1.0.0",
            "resolved": "https://registry.npmjs.org/delegates/-/delegates-1.0.0.tgz",
            "integrity": "sha1-hMbhWbgZBP3KWaDvRM2HDTElD5o="
        },
        "depd": {
            "version": "1.1.2",
            "resolved": "https://registry.npmjs.org/depd/-/depd-1.1.2.tgz",
            "integrity": "sha1-m81S4UwJd2PnSbJ0xDRu0uVgtak="
        },
        "destroy": {
            "version": "1.0.4",
            "resolved": "https://registry.npmjs.org/destroy/-/destroy-1.0.4.tgz",
            "integrity": "sha1-l4hXRCxEdJ5CBmE+N5RiBYJqvYA="
        },
        "dottie": {
            "version": "1.1.1",
            "resolved": "https://registry.npmjs.org/dottie/-/dottie-1.1.1.tgz",
            "integrity": "sha1-RcKj9IvWUo7u0memmoSOqspvqmo="
        },
        "ee-first": {
            "version": "1.1.1",
            "resolved": "https://registry.npmjs.org/ee-first/-/ee-first-1.1.1.tgz",
            "integrity": "sha1-WQxhFWsK4vTwJVcyoViyZrxWsh0="
        },
        "encodeurl": {
            "version": "1.0.2",
            "resolved": "https://registry.npmjs.org/encodeurl/-/encodeurl-1.0.2.tgz",
            "integrity": "sha1-rT/0yG7C0CkyL1oCw6mmBslbP1k="
        },
        "escape-html": {
            "version": "1.0.3",
            "resolved": "https://registry.npmjs.org/escape-html/-/escape-html-1.0.3.tgz",
            "integrity": "sha1-Aljq5NPQwJdN4cFpGI7wBR0dGYg="
        },
        "fresh": {
            "version": "0.5.2",
            "resolved": "https://registry.npmjs.org/fresh/-/fresh-0.5.2.tgz",
            "integrity": "sha1-PYyt2Q2XZWn6g1qx+OSyOhBWBac="
        },
        "generic-pool": {
            "version": "2.4.2",
            "resolved": "https://registry.npmjs.org/generic-pool/-/generic-pool-2.4.2.tgz",
            "integrity": "sha1-iGvFvwvrfblugby7oHiBjeWmJoM="
        },
        "http-assert": {
            "version": "1.4.1",
            "resolved": "https://registry.npmjs.org/http-assert/-/http-assert-1.4.1.tgz",
            "integrity": "sha512-rdw7q6GTlibqVVbXr0CKelfV5iY8G2HqEUkhSk297BMbSpSL8crXC+9rjKoMcZZEsksX30le6f/4ul4E28gegw==",
            "requires": {
                "deep-equal": "~1.0.1",
                "http-errors": "~1.7.2"
            },
            "dependencies": {
                "http-errors": {
                    "version": "1.7.3",
                    "resolved": "https://registry.npmjs.org/http-errors/-/http-errors-1.7.3.tgz",
                    "integrity": "sha512-ZTTX0MWrsQ2ZAhA1cejAwDLycFsd7I7nVtnkT3Ol0aqodaKW+0CTZDQ1uBv5whptCnc8e8HeRRJxRs0kmm/Qfw==",
                    "requires": {
                        "depd": "~1.1.2",
                        "inherits": "2.0.4",
                        "setprototypeof": "1.1.1",
                        "statuses": ">= 1.5.0 < 2",
                        "toidentifier": "1.0.0"
                    }
                }
            }
        },
        "http-errors": {
            "version": "1.8.0",
            "resolved": "https://registry.npmjs.org/http-errors/-/http-errors-1.8.0.tgz",
            "integrity": "sha512-4I8r0C5JDhT5VkvI47QktDW75rNlGVsUf/8hzjCC/wkWI/jdTRmBb9aI7erSG82r1bjKY3F6k28WnsVxB1C73A==",
            "requires": {
                "depd": "~1.1.2",
                "inherits": "2.0.4",
                "setprototypeof": "1.2.0",
                "statuses": ">= 1.5.0 < 2",
                "toidentifier": "1.0.0"
            },
            "dependencies": {
                "setprototypeof": {
                    "version": "1.2.0",
                    "resolved": "https://registry.npmjs.org/setprototypeof/-/setprototypeof-1.2.0.tgz",
                    "integrity": "sha512-E5LDX7Wrp85Kil5bhZv46j8jOeboKq5JMmYM3gVGdGH8xFpPWXUMsNrlODCrkoxMEeNi/XZIwuRvY4XNwYMJpw=="
                }
            }
        },
        "iconv-lite": {
            "version": "0.4.24",
            "resolved": "https://registry.npmjs.org/iconv-lite/-/iconv-lite-0.4.24.tgz",
            "integrity": "sha512-v3MXnZAcvnywkTUEZomIActle7RXXeedOR31wwl7VlyoXO4Qi9arvSenNQWne1TcRwhCL1HwLI21bEqdpj8/rA==",
            "requires": {
                "safer-buffer": ">= 2.1.2 < 3"
            }
        },
        "inflation": {
            "version": "2.0.0",
            "resolved": "https://registry.npmjs.org/inflation/-/inflation-2.0.0.tgz",
            "integrity": "sha1-i0F+R8KPklpFEz2RTKH9OJEH8w8="
        },
        "inflection": {
            "version": "1.12.0",
            "resolved": "https://registry.npmjs.org/inflection/-/inflection-1.12.0.tgz",
            "integrity": "sha1-ogCTVlbW9fa8TcdQLhrstwMihBY="
        },
        "inherits": {
            "version": "2.0.4",
            "resolved": "https://registry.npmjs.org/inherits/-/inherits-2.0.4.tgz",
            "integrity": "sha512-k/vGaX4/Yla3WzyMCvTQOXYeIHvqOKtnqBduzTHpzpQZzAskKMhZ2K+EnBiSM9zGSoIFeMpXKxa4dYeZIQqewQ=="
        },
        "is-generator-function": {
            "version": "1.0.7",
            "resolved": "https://registry.npmjs.org/is-generator-function/-/is-generator-function-1.0.7.tgz",
            "integrity": "sha512-YZc5EwyO4f2kWCax7oegfuSr9mFz1ZvieNYBEjmukLxgXfBUbxAWGVF7GZf0zidYtoBl3WvC07YK0wT76a+Rtw=="
        },
        "isarray": {
            "version": "1.0.0",
            "resolved": "https://registry.npmjs.org/isarray/-/isarray-1.0.0.tgz",
            "integrity": "sha1-u5NdSFgsuhaMBoNJV6VKPgcSTxE="
        },
        "keygrip": {
            "version": "1.1.0",
            "resolved": "https://registry.npmjs.org/keygrip/-/keygrip-1.1.0.tgz",
            "integrity": "sha512-iYSchDJ+liQ8iwbSI2QqsQOvqv58eJCEanyJPJi+Khyu8smkcKSFUCbPwzFcL7YVtZ6eONjqRX/38caJ7QjRAQ==",
            "requires": {
                "tsscmp": "1.0.6"
            }
        },
        "koa": {
            "version": "2.13.0",
            "resolved": "https://registry.npmjs.org/koa/-/koa-2.13.0.tgz",
            "integrity": "sha512-i/XJVOfPw7npbMv67+bOeXr3gPqOAw6uh5wFyNs3QvJ47tUx3M3V9rIE0//WytY42MKz4l/MXKyGkQ2LQTfLUQ==",
            "requires": {
                "accepts": "^1.3.5",
                "cache-content-type": "^1.0.0",
                "content-disposition": "~0.5.2",
                "content-type": "^1.0.4",
                "cookies": "~0.8.0",
                "debug": "~3.1.0",
                "delegates": "^1.0.0",
                "depd": "^1.1.2",
                "destroy": "^1.0.4",
                "encodeurl": "^1.0.2",
                "escape-html": "^1.0.3",
                "fresh": "~0.5.2",
                "http-assert": "^1.3.0",
                "http-errors": "^1.6.3",
                "is-generator-function": "^1.0.7",
                "koa-compose": "^4.1.0",
                "koa-convert": "^1.2.0",
                "on-finished": "^2.3.0",
                "only": "~0.0.2",
                "parseurl": "^1.3.2",
                "statuses": "^1.5.0",
                "type-is": "^1.6.16",
                "vary": "^1.1.2"
            },
            "dependencies": {
                "debug": {
                    "version": "3.1.0",
                    "resolved": "https://registry.npmjs.org/debug/-/debug-3.1.0.tgz",
                    "integrity": "sha512-OX8XqP7/1a9cqkxYw2yXss15f26NKWBpDXQd0/uK/KPqdQhxbPa994hnzjcE2VqQpDslf55723cKPUOGSmMY3g==",
                    "requires": {
                        "ms": "2.0.0"
                    }
                }
            }
        },
        "koa-bodyparser": {
            "version": "4.3.0",
            "resolved": "https://registry.npmjs.org/koa-bodyparser/-/koa-bodyparser-4.3.0.tgz",
            "integrity": "sha512-uyV8G29KAGwZc4q/0WUAjH+Tsmuv9ImfBUF2oZVyZtaeo0husInagyn/JH85xMSxM0hEk/mbCII5ubLDuqW/Rw==",
            "requires": {
                "co-body": "^6.0.0",
                "copy-to": "^2.0.1"
            }
        },
        "koa-compose": {
            "version": "4.1.0",
            "resolved": "https://registry.npmjs.org/koa-compose/-/koa-compose-4.1.0.tgz",
            "integrity": "sha512-8ODW8TrDuMYvXRwra/Kh7/rJo9BtOfPc6qO8eAfC80CnCvSjSl0bkRM24X6/XBBEyj0v1nRUQ1LyOy3dbqOWXw=="
        },
        "koa-convert": {
            "version": "1.2.0",
            "resolved": "https://registry.npmjs.org/koa-convert/-/koa-convert-1.2.0.tgz",
            "integrity": "sha1-2kCHXfSd4FOQmNFwC1CCDOvNIdA=",
            "requires": {
                "co": "^4.6.0",
                "koa-compose": "^3.0.0"
            },
            "dependencies": {
                "koa-compose": {
                    "version": "3.2.1",
                    "resolved": "https://registry.npmjs.org/koa-compose/-/koa-compose-3.2.1.tgz",
                    "integrity": "sha1-qFzLQLfZhtjlo0Wzoazo6rz1Tec=",
                    "requires": {
                        "any-promise": "^1.1.0"
                    }
                }
            }
        },
        "koa-router": {
            "version": "9.4.0",
            "resolved": "https://registry.npmjs.org/koa-router/-/koa-router-9.4.0.tgz",
            "integrity": "sha512-RO/Y8XqSNM2J5vQeDaBI/7iRpL50C9QEudY4d3T4D1A2VMKLH0swmfjxDFPiIpVDLuNN6mVD9zBI1eFTHB6QaA==",
            "requires": {
                "debug": "^4.1.1",
                "http-errors": "^1.7.3",
                "koa-compose": "^4.1.0",
                "methods": "^1.1.2",
                "path-to-regexp": "^6.1.0"
            },
            "dependencies": {
                "debug": {
                    "version": "4.2.0",
                    "resolved": "https://registry.npmjs.org/debug/-/debug-4.2.0.tgz",
                    "integrity": "sha512-IX2ncY78vDTjZMFUdmsvIRFY2Cf4FnD0wRs+nQwJU8Lu99/tPFdb0VybiiMTPe3I6rQmwsqQqRBvxU+bZ/I8sg==",
                    "requires": {
                        "ms": "2.1.2"
                    }
                },
                "ms": {
                    "version": "2.1.2",
                    "resolved": "https://registry.npmjs.org/ms/-/ms-2.1.2.tgz",
                    "integrity": "sha512-sGkPx+VjMtmA6MX27oA4FBFELFCZZ4S4XqeGOXCv68tT+jb3vk/RyaKWP0PTKyWtmLSM0b+adUTEvbs1PEaH2w=="
                }
            }
        },
        "lodash": {
            "version": "4.12.0",
            "resolved": "https://registry.npmjs.org/lodash/-/lodash-4.12.0.tgz",
            "integrity": "sha1-K9bcRqBA9Z5obJcu0h2T3FkFMlg="
        },
        "media-typer": {
            "version": "0.3.0",
            "resolved": "https://registry.npmjs.org/media-typer/-/media-typer-0.3.0.tgz",
            "integrity": "sha1-hxDXrwqmJvj/+hzgAWhUUmMlV0g="
        },
        "methods": {
            "version": "1.1.2",
            "resolved": "https://registry.npmjs.org/methods/-/methods-1.1.2.tgz",
            "integrity": "sha1-VSmk1nZUE07cxSZmVoNbD4Ua/O4="
        },
        "mime-db": {
            "version": "1.44.0",
            "resolved": "https://registry.npmjs.org/mime-db/-/mime-db-1.44.0.tgz",
            "integrity": "sha512-/NOTfLrsPBVeH7YtFPgsVWveuL+4SjjYxaQ1xtM1KMFj7HdxlBlxeyNLzhyJVx7r4rZGJAZ/6lkKCitSc/Nmpg=="
        },
        "mime-types": {
            "version": "2.1.27",
            "resolved": "https://registry.npmjs.org/mime-types/-/mime-types-2.1.27.tgz",
            "integrity": "sha512-JIhqnCasI9yD+SsmkquHBxTSEuZdQX5BuQnS2Vc7puQQQ+8yiP5AY5uWhpdv4YL4VM5c6iliiYWPgJ/nJQLp7w==",
            "requires": {
                "mime-db": "1.44.0"
            }
        },
        "moment": {
            "version": "2.29.0",
            "resolved": "https://registry.npmjs.org/moment/-/moment-2.29.0.tgz",
            "integrity": "sha512-z6IJ5HXYiuxvFTI6eiQ9dm77uE0gyy1yXNApVHqTcnIKfY9tIwEjlzsZ6u1LQXvVgKeTnv9Xm7NDvJ7lso3MtA=="
        },
        "moment-timezone": {
            "version": "0.5.31",
            "resolved": "https://registry.npmjs.org/moment-timezone/-/moment-timezone-0.5.31.tgz",
            "integrity": "sha512-+GgHNg8xRhMXfEbv81iDtrVeTcWt0kWmTEY1XQK14dICTXnWJnT0dxdlPspwqF3keKMVPXwayEsk1DI0AA/jdA==",
            "requires": {
                "moment": ">= 2.9.0"
            }
        },
        "ms": {
            "version": "2.0.0",
            "resolved": "https://registry.npmjs.org/ms/-/ms-2.0.0.tgz",
            "integrity": "sha1-VgiurfwAvmwpAd9fmGF4jeDVl8g="
        },
        "mysql": {
            "version": "2.14.0",
            "resolved": "https://registry.npmjs.org/mysql/-/mysql-2.14.0.tgz",
            "integrity": "sha1-MlzBFW6CRuVyEYd0u/QG6qkYn/0=",
            "requires": {
                "bignumber.js": "4.0.2",
                "readable-stream": "2.3.3",
                "safe-buffer": "5.1.1",
                "sqlstring": "2.2.0"
            }
        },
        "negotiator": {
            "version": "0.6.2",
            "resolved": "https://registry.npmjs.org/negotiator/-/negotiator-0.6.2.tgz",
            "integrity": "sha512-hZXc7K2e+PgeI1eDBe/10Ard4ekbfrrqG8Ep+8Jmf4JID2bNg7NvCPOZN+kfF574pFQI7mum2AUqDidoKqcTOw=="
        },
        "node-uuid": {
            "version": "1.4.8",
            "resolved": "https://registry.npmjs.org/node-uuid/-/node-uuid-1.4.8.tgz",
            "integrity": "sha1-sEDrCSOWivq/jTL7HxfxFn/auQc="
        },
        "on-finished": {
            "version": "2.3.0",
            "resolved": "https://registry.npmjs.org/on-finished/-/on-finished-2.3.0.tgz",
            "integrity": "sha1-IPEzZIGwg811M3mSoWlxqi2QaUc=",
            "requires": {
                "ee-first": "1.1.1"
            }
        },
        "only": {
            "version": "0.0.2",
            "resolved": "https://registry.npmjs.org/only/-/only-0.0.2.tgz",
            "integrity": "sha1-Kv3oTQPlC5qO3EROMGEKcCle37Q="
        },
        "parseurl": {
            "version": "1.3.3",
            "resolved": "https://registry.npmjs.org/parseurl/-/parseurl-1.3.3.tgz",
            "integrity": "sha512-CiyeOxFT/JZyN5m0z9PfXw4SCBJ6Sygz1Dpl0wqjlhDEGGBP1GnsUVEL0p63hoG1fcj3fHynXi9NYO4nWOL+qQ=="
        },
        "path-to-regexp": {
            "version": "6.1.0",
            "resolved": "https://registry.npmjs.org/path-to-regexp/-/path-to-regexp-6.1.0.tgz",
            "integrity": "sha512-h9DqehX3zZZDCEm+xbfU0ZmwCGFCAAraPJWMXJ4+v32NjZJilVg3k1TcKsRgIb8IQ/izZSaydDc1OhJCZvs2Dw=="
        },
        "process-nextick-args": {
            "version": "1.0.7",
            "resolved": "https://registry.npmjs.org/process-nextick-args/-/process-nextick-args-1.0.7.tgz",
            "integrity": "sha1-FQ4gt1ZZCtP5EJPyWk8q2L/zC6M="
        },
        "qs": {
            "version": "6.9.4",
            "resolved": "https://registry.npmjs.org/qs/-/qs-6.9.4.tgz",
            "integrity": "sha512-A1kFqHekCTM7cz0udomYUoYNWjBebHm/5wzU/XqrBRBNWectVH0QIiN+NEcZ0Dte5hvzHwbr8+XQmguPhJ6WdQ=="
        },
        "raw-body": {
            "version": "2.4.1",
            "resolved": "https://registry.npmjs.org/raw-body/-/raw-body-2.4.1.tgz",
            "integrity": "sha512-9WmIKF6mkvA0SLmA2Knm9+qj89e+j1zqgyn8aXGd7+nAduPoqgI9lO57SAZNn/Byzo5P7JhXTyg9PzaJbH73bA==",
            "requires": {
                "bytes": "3.1.0",
                "http-errors": "1.7.3",
                "iconv-lite": "0.4.24",
                "unpipe": "1.0.0"
            },
            "dependencies": {
                "http-errors": {
                    "version": "1.7.3",
                    "resolved": "https://registry.npmjs.org/http-errors/-/http-errors-1.7.3.tgz",
                    "integrity": "sha512-ZTTX0MWrsQ2ZAhA1cejAwDLycFsd7I7nVtnkT3Ol0aqodaKW+0CTZDQ1uBv5whptCnc8e8HeRRJxRs0kmm/Qfw==",
                    "requires": {
                        "depd": "~1.1.2",
                        "inherits": "2.0.4",
                        "setprototypeof": "1.1.1",
                        "statuses": ">= 1.5.0 < 2",
                        "toidentifier": "1.0.0"
                    }
                }
            }
        },
        "readable-stream": {
            "version": "2.3.3",
            "resolved": "https://registry.npmjs.org/readable-stream/-/readable-stream-2.3.3.tgz",
            "integrity": "sha512-m+qzzcn7KUxEmd1gMbchF+Y2eIUbieUaxkWtptyHywrX0rE8QEYqPC07Vuy4Wm32/xE16NcdBctb8S0Xe/5IeQ==",
            "requires": {
                "core-util-is": "~1.0.0",
                "inherits": "~2.0.3",
                "isarray": "~1.0.0",
                "process-nextick-args": "~1.0.6",
                "safe-buffer": "~5.1.1",
                "string_decoder": "~1.0.3",
                "util-deprecate": "~1.0.1"
            }
        },
        "retry-as-promised": {
            "version": "2.3.2",
            "resolved": "https://registry.npmjs.org/retry-as-promised/-/retry-as-promised-2.3.2.tgz",
            "integrity": "sha1-zZdO5P2bX+A8vzGHHuSCIcB3N7c=",
            "requires": {
                "bluebird": "^3.4.6",
                "debug": "^2.6.9"
            }
        },
        "safe-buffer": {
            "version": "5.1.1",
            "resolved": "https://registry.npmjs.org/safe-buffer/-/safe-buffer-5.1.1.tgz",
            "integrity": "sha512-kKvNJn6Mm93gAczWVJg7wH+wGYWNrDHdWvpUmHyEsgCtIwwo3bqPtV4tR5tuPaUhTOo/kvhVwd8XwwOllGYkbg=="
        },
        "safer-buffer": {
            "version": "2.1.2",
            "resolved": "https://registry.npmjs.org/safer-buffer/-/safer-buffer-2.1.2.tgz",
            "integrity": "sha512-YZo3K82SD7Riyi0E1EQPojLz7kpepnSQI9IyPbHHg1XXXevb5dJI7tpyN2ADxGcQbHG7vcyRHk0cbwqcQriUtg=="
        },
        "semver": {
            "version": "5.7.1",
            "resolved": "https://registry.npmjs.org/semver/-/semver-5.7.1.tgz",
            "integrity": "sha512-sauaDf/PZdVgrLTNYHRtpXa1iRiKcaebiKQ1BJdpQlWH2lCvexQdX55snPFyK7QzpudqbCI0qXFfOasHdyNDGQ=="
        },
        "sequelize": {
            "version": "3.24.1",
            "resolved": "https://registry.npmjs.org/sequelize/-/sequelize-3.24.1.tgz",
            "integrity": "sha1-2SkDvxukqwzROO2xWmxCB4/T22k=",
            "requires": {
                "bluebird": "^3.3.4",
                "depd": "^1.1.0",
                "dottie": "^1.0.0",
                "generic-pool": "2.4.2",
                "inflection": "^1.6.0",
                "lodash": "4.12.0",
                "moment": "^2.13.0",
                "moment-timezone": "^0.5.4",
                "node-uuid": "~1.4.4",
                "retry-as-promised": "^2.0.0",
                "semver": "^5.0.1",
                "shimmer": "1.1.0",
                "terraformer-wkt-parser": "^1.1.0",
                "toposort-class": "^1.0.1",
                "validator": "^5.2.0",
                "wkx": "0.2.0"
            }
        },
        "setprototypeof": {
            "version": "1.1.1",
            "resolved": "https://registry.npmjs.org/setprototypeof/-/setprototypeof-1.1.1.tgz",
            "integrity": "sha512-JvdAWfbXeIGaZ9cILp38HntZSFSo3mWg6xGcJJsd+d4aRMOqauag1C63dJfDw7OaMYwEbHMOxEZ1lqVRYP2OAw=="
        },
        "shimmer": {
            "version": "1.1.0",
            "resolved": "https://registry.npmjs.org/shimmer/-/shimmer-1.1.0.tgz",
            "integrity": "sha1-l9c3cTf/u6tCVSLkKf4KqJpIizU="
        },
        "sqlstring": {
            "version": "2.2.0",
            "resolved": "https://registry.npmjs.org/sqlstring/-/sqlstring-2.2.0.tgz",
            "integrity": "sha1-wxNcTqirzX5+50GklmqJHYak8ZE="
        },
        "statuses": {
            "version": "1.5.0",
            "resolved": "https://registry.npmjs.org/statuses/-/statuses-1.5.0.tgz",
            "integrity": "sha1-Fhx9rBd2Wf2YEfQ3cfqZOBR4Yow="
        },
        "string_decoder": {
            "version": "1.0.3",
            "resolved": "https://registry.npmjs.org/string_decoder/-/string_decoder-1.0.3.tgz",
            "integrity": "sha512-4AH6Z5fzNNBcH+6XDMfA/BTt87skxqJlO0lAh3Dker5zThcAxG6mKz+iGu308UKoPPQ8Dcqx/4JhujzltRa+hQ==",
            "requires": {
                "safe-buffer": "~5.1.0"
            }
        },
        "terraformer": {
            "version": "1.0.12",
            "resolved": "https://registry.npmjs.org/terraformer/-/terraformer-1.0.12.tgz",
            "integrity": "sha512-MokUp0+MFal4CmJDVL6VAO1bKegeXcBM2RnPVfqcFIp2IIv8EbPAjG0j/vEy/vuKB8NVMMSF2vfpVS/QLe4DBg==",
            "requires": {
                "@types/geojson": "^7946.0.0 || ^1.0.0"
            }
        },
        "terraformer-wkt-parser": {
            "version": "1.2.1",
            "resolved": "https://registry.npmjs.org/terraformer-wkt-parser/-/terraformer-wkt-parser-1.2.1.tgz",
            "integrity": "sha512-+CJyNLWb3lJ9RsZMTM66BY0MT3yIo4l4l22Jd9CrZuwzk54fsu4Sc7zejuS9fCITTuTQy3p06d4MZMVI7v5wSg==",
            "requires": {
                "@types/geojson": "^1.0.0",
                "terraformer": "~1.0.5"
            }
        },
        "toidentifier": {
            "version": "1.0.0",
            "resolved": "https://registry.npmjs.org/toidentifier/-/toidentifier-1.0.0.tgz",
            "integrity": "sha512-yaOH/Pk/VEhBWWTlhI+qXxDFXlejDGcQipMlyxda9nthulaxLZUNcUqFxokp0vcYnvteJln5FNQDRrxj3YcbVw=="
        },
        "toposort-class": {
            "version": "1.0.1",
            "resolved": "https://registry.npmjs.org/toposort-class/-/toposort-class-1.0.1.tgz",
            "integrity": "sha1-f/0feMi+KMO6Rc1OGj9e4ZO9mYg="
        },
        "tsscmp": {
            "version": "1.0.6",
            "resolved": "https://registry.npmjs.org/tsscmp/-/tsscmp-1.0.6.tgz",
            "integrity": "sha512-LxhtAkPDTkVCMQjt2h6eBVY28KCjikZqZfMcC15YBeNjkgUpdCfBu5HoiOTDu86v6smE8yOjyEktJ8hlbANHQA=="
        },
        "type-is": {
            "version": "1.6.18",
            "resolved": "https://registry.npmjs.org/type-is/-/type-is-1.6.18.tgz",
            "integrity": "sha512-TkRKr9sUTxEH8MdfuCSP7VizJyzRNMjj2J2do2Jr3Kym598JVdEksuzPQCnlFPW4ky9Q+iA+ma9BGm06XQBy8g==",
            "requires": {
                "media-typer": "0.3.0",
                "mime-types": "~2.1.24"
            }
        },
        "unpipe": {
            "version": "1.0.0",
            "resolved": "https://registry.npmjs.org/unpipe/-/unpipe-1.0.0.tgz",
            "integrity": "sha1-sr9O6FFKrmFltIF4KdIbLvSZBOw="
        },
        "util-deprecate": {
            "version": "1.0.2",
            "resolved": "https://registry.npmjs.org/util-deprecate/-/util-deprecate-1.0.2.tgz",
            "integrity": "sha1-RQ1Nyfpw3nMnYvvS1KKJgUGaDM8="
        },
        "validator": {
            "version": "5.7.0",
            "resolved": "https://registry.npmjs.org/validator/-/validator-5.7.0.tgz",
            "integrity": "sha1-eoelgUa2laxIYHEUHAxJ1n2gXlw="
        },
        "vary": {
            "version": "1.1.2",
            "resolved": "https://registry.npmjs.org/vary/-/vary-1.1.2.tgz",
            "integrity": "sha1-IpnwLG3tMNSllhsLn3RSShj2NPw="
        },
        "wkx": {
            "version": "0.2.0",
            "resolved": "https://registry.npmjs.org/wkx/-/wkx-0.2.0.tgz",
            "integrity": "sha1-dsJPFqzQzY+TzTSqMx4PeWElboQ="
        },
        "ylru": {
            "version": "1.2.1",
            "resolved": "https://registry.npmjs.org/ylru/-/ylru-1.2.1.tgz",
            "integrity": "sha512-faQrqNMzcPCHGVC2aaOINk13K+aaBDUPjGWl0teOXywElLjyVAB6Oe2jj62jHYtwsU49jXhScYbvPENK+6zAvQ=="
        }
    }
}
